// !$*UTF8*$!
{
	archiveVersion = 1;
	classes = {
	};
	objectVersion = 46;
	objects = {

/* Begin PBXBuildFile section */
		B11735561AFE6FCC000BD7C0 /* AppDelegate.swift in Sources */ = {isa = PBXBuildFile; fileRef = B11735551AFE6FCC000BD7C0 /* AppDelegate.swift */; };
		B11735591AFE6FCC000BD7C0 /* StarWarsCharacterPro.xcdatamodeld in Sources */ = {isa = PBXBuildFile; fileRef = B11735571AFE6FCC000BD7C0 /* StarWarsCharacterPro.xcdatamodeld */; };
		B11735601AFE6FCC000BD7C0 /* Images.xcassets in Resources */ = {isa = PBXBuildFile; fileRef = B117355F1AFE6FCC000BD7C0 /* Images.xcassets */; };
		B11735631AFE6FCC000BD7C0 /* LaunchScreen.xib in Resources */ = {isa = PBXBuildFile; fileRef = B11735611AFE6FCC000BD7C0 /* LaunchScreen.xib */; };
		B117356F1AFE6FCC000BD7C0 /* StarWarsCharacterProTests.swift in Sources */ = {isa = PBXBuildFile; fileRef = B117356E1AFE6FCC000BD7C0 /* StarWarsCharacterProTests.swift */; };
		B11735791AFE736C000BD7C0 /* StarWarsCharacter.swift in Sources */ = {isa = PBXBuildFile; fileRef = B11735781AFE736B000BD7C0 /* StarWarsCharacter.swift */; };
		B117357C1AFE90C3000BD7C0 /* StarWarsUniverse.swift in Sources */ = {isa = PBXBuildFile; fileRef = B117357B1AFE90C3000BD7C0 /* StarWarsUniverse.swift */; };
		B19D66241B0295BF00B7AFED /* ObiWan.jpg in Resources */ = {isa = PBXBuildFile; fileRef = B19D66231B0295BF00B7AFED /* ObiWan.jpg */; };
		B19D66261B029DC400B7AFED /* obiwan.mp3 in Resources */ = {isa = PBXBuildFile; fileRef = B19D66251B029DC400B7AFED /* obiwan.mp3 */; };
		B19D66281B029F1A00B7AFED /* yoda.jpg in Resources */ = {isa = PBXBuildFile; fileRef = B19D66271B029F1A00B7AFED /* yoda.jpg */; };
		B19D662B1B029F8000B7AFED /* Luke.jpg in Resources */ = {isa = PBXBuildFile; fileRef = B19D662A1B029F8000B7AFED /* Luke.jpg */; };
		B19D662D1B02A05F00B7AFED /* luke.mp3 in Resources */ = {isa = PBXBuildFile; fileRef = B19D662C1B02A05F00B7AFED /* luke.mp3 */; };
		B19D66301B02A11600B7AFED /* chewbacca.jpg in Resources */ = {isa = PBXBuildFile; fileRef = B19D662F1B02A11600B7AFED /* chewbacca.jpg */; };
		B19D66331B02A12700B7AFED /* R2-D2.jpg in Resources */ = {isa = PBXBuildFile; fileRef = B19D66321B02A12700B7AFED /* R2-D2.jpg */; };
		B19D663C1B02A15500B7AFED /* c3po.jpg in Resources */ = {isa = PBXBuildFile; fileRef = B19D66381B02A15500B7AFED /* c3po.jpg */; };
		B19D663D1B02A15500B7AFED /* darthVader.jpg in Resources */ = {isa = PBXBuildFile; fileRef = B19D66391B02A15500B7AFED /* darthVader.jpg */; };
		B19D663E1B02A15500B7AFED /* palpatine.jpg in Resources */ = {isa = PBXBuildFile; fileRef = B19D663A1B02A15500B7AFED /* palpatine.jpg */; };
		B19D663F1B02A15500B7AFED /* tarkin.jpg in Resources */ = {isa = PBXBuildFile; fileRef = B19D663B1B02A15500B7AFED /* tarkin.jpg */; };
		B19D66411B02A34800B7AFED /* Clone_trooper.png in Resources */ = {isa = PBXBuildFile; fileRef = B19D66401B02A34800B7AFED /* Clone_trooper.png */; };
		B19D66431B02A3C300B7AFED /* trooper.mp3 in Resources */ = {isa = PBXBuildFile; fileRef = B19D66421B02A3C300B7AFED /* trooper.mp3 */; };
		B19D66451B02A44F00B7AFED /* BobaFett.jpg in Resources */ = {isa = PBXBuildFile; fileRef = B19D66441B02A44F00B7AFED /* BobaFett.jpg */; };
		B19D66471B02A4D700B7AFED /* boba.mp3 in Resources */ = {isa = PBXBuildFile; fileRef = B19D66461B02A4D700B7AFED /* boba.mp3 */; };
		B19F01261B0332EA0027CD87 /* StarWarsTableViewController.swift in Sources */ = {isa = PBXBuildFile; fileRef = B19F01251B0332EA0027CD87 /* StarWarsTableViewController.swift */; };
		B19F01291B03A5DF0027CD87 /* yoda.mp3 in Resources */ = {isa = PBXBuildFile; fileRef = B19F01281B03A5DE0027CD87 /* yoda.mp3 */; };
		B19F012B1B03A6F00027CD87 /* chewbacca.mp3 in Resources */ = {isa = PBXBuildFile; fileRef = B19F012A1B03A6F00027CD87 /* chewbacca.mp3 */; };
		B19F012D1B03A7940027CD87 /* R2D2.mp3 in Resources */ = {isa = PBXBuildFile; fileRef = B19F012C1B03A7940027CD87 /* R2D2.mp3 */; };
		B19F012F1B03A8670027CD87 /* C3PO.mp3 in Resources */ = {isa = PBXBuildFile; fileRef = B19F012E1B03A8670027CD87 /* C3PO.mp3 */; };
		B19F01311B03A9270027CD87 /* vader.mp3 in Resources */ = {isa = PBXBuildFile; fileRef = B19F01301B03A9270027CD87 /* vader.mp3 */; };
		B19F01331B03A9670027CD87 /* palpatine.mp3 in Resources */ = {isa = PBXBuildFile; fileRef = B19F01321B03A9670027CD87 /* palpatine.mp3 */; };
		B19F01351B03AB9B0027CD87 /* tarkin.mp3 in Resources */ = {isa = PBXBuildFile; fileRef = B19F01341B03AB9B0027CD87 /* tarkin.mp3 */; };
		B19F01381B03AC6A0027CD87 /* CharacterViewController.swift in Sources */ = {isa = PBXBuildFile; fileRef = B19F01361B03AC6A0027CD87 /* CharacterViewController.swift */; };
		B19F01391B03AC6A0027CD87 /* CharacterViewController.xib in Resources */ = {isa = PBXBuildFile; fileRef = B19F01371B03AC6A0027CD87 /* CharacterViewController.xib */; };
		B19F013C1B03DB770027CD87 /* WikiViewController.swift in Sources */ = {isa = PBXBuildFile; fileRef = B19F013A1B03DB760027CD87 /* WikiViewController.swift */; };
		B19F013D1B03DB770027CD87 /* WikiViewController.xib in Resources */ = {isa = PBXBuildFile; fileRef = B19F013B1B03DB770027CD87 /* WikiViewController.xib */; };
/* End PBXBuildFile section */

/* Begin PBXContainerItemProxy section */
		B11735691AFE6FCC000BD7C0 /* PBXContainerItemProxy */ = {
			isa = PBXContainerItemProxy;
			containerPortal = B11735481AFE6FCC000BD7C0 /* Project object */;
			proxyType = 1;
			remoteGlobalIDString = B117354F1AFE6FCC000BD7C0;
			remoteInfo = StarWarsCharacterPro;
		};
/* End PBXContainerItemProxy section */

/* Begin PBXFileReference section */
		B11735501AFE6FCC000BD7C0 /* StarWarsCharacterPro.app */ = {isa = PBXFileReference; explicitFileType = wrapper.application; includeInIndex = 0; path = StarWarsCharacterPro.app; sourceTree = BUILT_PRODUCTS_DIR; };
		B11735541AFE6FCC000BD7C0 /* Info.plist */ = {isa = PBXFileReference; lastKnownFileType = text.plist.xml; path = Info.plist; sourceTree = "<group>"; };
		B11735551AFE6FCC000BD7C0 /* AppDelegate.swift */ = {isa = PBXFileReference; lastKnownFileType = sourcecode.swift; path = AppDelegate.swift; sourceTree = "<group>"; };
		B11735581AFE6FCC000BD7C0 /* StarWarsCharacterPro.xcdatamodel */ = {isa = PBXFileReference; lastKnownFileType = wrapper.xcdatamodel; path = StarWarsCharacterPro.xcdatamodel; sourceTree = "<group>"; };
		B117355F1AFE6FCC000BD7C0 /* Images.xcassets */ = {isa = PBXFileReference; lastKnownFileType = folder.assetcatalog; path = Images.xcassets; sourceTree = "<group>"; };
		B11735621AFE6FCC000BD7C0 /* Base */ = {isa = PBXFileReference; lastKnownFileType = file.xib; name = Base; path = Base.lproj/LaunchScreen.xib; sourceTree = "<group>"; };
		B11735681AFE6FCC000BD7C0 /* StarWarsCharacterProTests.xctest */ = {isa = PBXFileReference; explicitFileType = wrapper.cfbundle; includeInIndex = 0; path = StarWarsCharacterProTests.xctest; sourceTree = BUILT_PRODUCTS_DIR; };
		B117356D1AFE6FCC000BD7C0 /* Info.plist */ = {isa = PBXFileReference; lastKnownFileType = text.plist.xml; path = Info.plist; sourceTree = "<group>"; };
		B117356E1AFE6FCC000BD7C0 /* StarWarsCharacterProTests.swift */ = {isa = PBXFileReference; lastKnownFileType = sourcecode.swift; path = StarWarsCharacterProTests.swift; sourceTree = "<group>"; };
		B11735781AFE736B000BD7C0 /* StarWarsCharacter.swift */ = {isa = PBXFileReference; fileEncoding = 4; lastKnownFileType = sourcecode.swift; path = StarWarsCharacter.swift; sourceTree = "<group>"; };
		B117357B1AFE90C3000BD7C0 /* StarWarsUniverse.swift */ = {isa = PBXFileReference; fileEncoding = 4; lastKnownFileType = sourcecode.swift; path = StarWarsUniverse.swift; sourceTree = "<group>"; };
		B19D66231B0295BF00B7AFED /* ObiWan.jpg */ = {isa = PBXFileReference; lastKnownFileType = image.jpeg; path = ObiWan.jpg; sourceTree = "<group>"; };
		B19D66251B029DC400B7AFED /* obiwan.mp3 */ = {isa = PBXFileReference; lastKnownFileType = audio.mp3; path = obiwan.mp3; sourceTree = "<group>"; };
		B19D66271B029F1A00B7AFED /* yoda.jpg */ = {isa = PBXFileReference; lastKnownFileType = image.jpeg; path = yoda.jpg; sourceTree = "<group>"; };
		B19D66291B029F2300B7AFED /* yoda.caf */ = {isa = PBXFileReference; lastKnownFileType = file; path = yoda.caf; sourceTree = "<group>"; };
		B19D662A1B029F8000B7AFED /* Luke.jpg */ = {isa = PBXFileReference; lastKnownFileType = image.jpeg; path = Luke.jpg; sourceTree = "<group>"; };
		B19D662C1B02A05F00B7AFED /* luke.mp3 */ = {isa = PBXFileReference; lastKnownFileType = audio.mp3; path = luke.mp3; sourceTree = "<group>"; };
		B19D662E1B02A10A00B7AFED /* chewbacca.caf */ = {isa = PBXFileReference; lastKnownFileType = file; path = chewbacca.caf; sourceTree = "<group>"; };
		B19D662F1B02A11600B7AFED /* chewbacca.jpg */ = {isa = PBXFileReference; lastKnownFileType = image.jpeg; path = chewbacca.jpg; sourceTree = "<group>"; };
		B19D66311B02A12100B7AFED /* r2-d2.caf */ = {isa = PBXFileReference; lastKnownFileType = file; path = "r2-d2.caf"; sourceTree = "<group>"; };
		B19D66321B02A12700B7AFED /* R2-D2.jpg */ = {isa = PBXFileReference; lastKnownFileType = image.jpeg; path = "R2-D2.jpg"; sourceTree = "<group>"; };
		B19D66341B02A13800B7AFED /* palpatine.caf */ = {isa = PBXFileReference; lastKnownFileType = file; path = palpatine.caf; sourceTree = "<group>"; };
		B19D66351B02A13800B7AFED /* tarkin.caf */ = {isa = PBXFileReference; lastKnownFileType = file; path = tarkin.caf; sourceTree = "<group>"; };
		B19D66361B02A13800B7AFED /* vader.caf */ = {isa = PBXFileReference; lastKnownFileType = file; path = vader.caf; sourceTree = "<group>"; };
		B19D66371B02A13E00B7AFED /* c3po.caf */ = {isa = PBXFileReference; lastKnownFileType = file; path = c3po.caf; sourceTree = "<group>"; };
		B19D66381B02A15500B7AFED /* c3po.jpg */ = {isa = PBXFileReference; lastKnownFileType = image.jpeg; path = c3po.jpg; sourceTree = "<group>"; };
		B19D66391B02A15500B7AFED /* darthVader.jpg */ = {isa = PBXFileReference; lastKnownFileType = image.jpeg; path = darthVader.jpg; sourceTree = "<group>"; };
		B19D663A1B02A15500B7AFED /* palpatine.jpg */ = {isa = PBXFileReference; lastKnownFileType = image.jpeg; path = palpatine.jpg; sourceTree = "<group>"; };
		B19D663B1B02A15500B7AFED /* tarkin.jpg */ = {isa = PBXFileReference; lastKnownFileType = image.jpeg; path = tarkin.jpg; sourceTree = "<group>"; };
		B19D66401B02A34800B7AFED /* Clone_trooper.png */ = {isa = PBXFileReference; lastKnownFileType = image.png; path = Clone_trooper.png; sourceTree = "<group>"; };
		B19D66421B02A3C300B7AFED /* trooper.mp3 */ = {isa = PBXFileReference; lastKnownFileType = audio.mp3; path = trooper.mp3; sourceTree = "<group>"; };
		B19D66441B02A44F00B7AFED /* BobaFett.jpg */ = {isa = PBXFileReference; lastKnownFileType = image.jpeg; path = BobaFett.jpg; sourceTree = "<group>"; };
		B19D66461B02A4D700B7AFED /* boba.mp3 */ = {isa = PBXFileReference; lastKnownFileType = audio.mp3; path = boba.mp3; sourceTree = "<group>"; };
		B19F01251B0332EA0027CD87 /* StarWarsTableViewController.swift */ = {isa = PBXFileReference; fileEncoding = 4; lastKnownFileType = sourcecode.swift; path = StarWarsTableViewController.swift; sourceTree = "<group>"; };
		B19F01281B03A5DE0027CD87 /* yoda.mp3 */ = {isa = PBXFileReference; lastKnownFileType = audio.mp3; path = yoda.mp3; sourceTree = "<group>"; };
		B19F012A1B03A6F00027CD87 /* chewbacca.mp3 */ = {isa = PBXFileReference; lastKnownFileType = audio.mp3; path = chewbacca.mp3; sourceTree = "<group>"; };
		B19F012C1B03A7940027CD87 /* R2D2.mp3 */ = {isa = PBXFileReference; lastKnownFileType = audio.mp3; path = R2D2.mp3; sourceTree = "<group>"; };
		B19F012E1B03A8670027CD87 /* C3PO.mp3 */ = {isa = PBXFileReference; lastKnownFileType = audio.mp3; path = C3PO.mp3; sourceTree = "<group>"; };
		B19F01301B03A9270027CD87 /* vader.mp3 */ = {isa = PBXFileReference; lastKnownFileType = audio.mp3; path = vader.mp3; sourceTree = "<group>"; };
		B19F01321B03A9670027CD87 /* palpatine.mp3 */ = {isa = PBXFileReference; lastKnownFileType = audio.mp3; path = palpatine.mp3; sourceTree = "<group>"; };
		B19F01341B03AB9B0027CD87 /* tarkin.mp3 */ = {isa = PBXFileReference; lastKnownFileType = audio.mp3; path = tarkin.mp3; sourceTree = "<group>"; };
		B19F01361B03AC6A0027CD87 /* CharacterViewController.swift */ = {isa = PBXFileReference; fileEncoding = 4; lastKnownFileType = sourcecode.swift; path = CharacterViewController.swift; sourceTree = "<group>"; };
		B19F01371B03AC6A0027CD87 /* CharacterViewController.xib */ = {isa = PBXFileReference; fileEncoding = 4; lastKnownFileType = file.xib; path = CharacterViewController.xib; sourceTree = "<group>"; };
		B19F013A1B03DB760027CD87 /* WikiViewController.swift */ = {isa = PBXFileReference; fileEncoding = 4; lastKnownFileType = sourcecode.swift; path = WikiViewController.swift; sourceTree = "<group>"; };
		B19F013B1B03DB770027CD87 /* WikiViewController.xib */ = {isa = PBXFileReference; fileEncoding = 4; lastKnownFileType = file.xib; path = WikiViewController.xib; sourceTree = "<group>"; };
/* End PBXFileReference section */

/* Begin PBXFrameworksBuildPhase section */
		B117354D1AFE6FCC000BD7C0 /* Frameworks */ = {
			isa = PBXFrameworksBuildPhase;
			buildActionMask = 2147483647;
			files = (
			);
			runOnlyForDeploymentPostprocessing = 0;
		};
		B11735651AFE6FCC000BD7C0 /* Frameworks */ = {
			isa = PBXFrameworksBuildPhase;
			buildActionMask = 2147483647;
			files = (
			);
			runOnlyForDeploymentPostprocessing = 0;
		};
/* End PBXFrameworksBuildPhase section */

/* Begin PBXGroup section */
		B11735471AFE6FCC000BD7C0 = {
			isa = PBXGroup;
			children = (
				B11735521AFE6FCC000BD7C0 /* StarWarsCharacterPro */,
				B117356B1AFE6FCC000BD7C0 /* StarWarsCharacterProTests */,
				B11735511AFE6FCC000BD7C0 /* Products */,
			);
			sourceTree = "<group>";
		};
		B11735511AFE6FCC000BD7C0 /* Products */ = {
			isa = PBXGroup;
			children = (
				B11735501AFE6FCC000BD7C0 /* StarWarsCharacterPro.app */,
				B11735681AFE6FCC000BD7C0 /* StarWarsCharacterProTests.xctest */,
			);
			name = Products;
			sourceTree = "<group>";
		};
		B11735521AFE6FCC000BD7C0 /* StarWarsCharacterPro */ = {
			isa = PBXGroup;
			children = (
				B11735551AFE6FCC000BD7C0 /* AppDelegate.swift */,
				B117355F1AFE6FCC000BD7C0 /* Images.xcassets */,
				B11735611AFE6FCC000BD7C0 /* LaunchScreen.xib */,
				B11735571AFE6FCC000BD7C0 /* StarWarsCharacterPro.xcdatamodeld */,
				B11735531AFE6FCC000BD7C0 /* Supporting Files */,
				B117357A1AFE7372000BD7C0 /* Model */,
				B19F01271B0332EE0027CD87 /* Controllers */,
			);
			path = StarWarsCharacterPro;
			sourceTree = "<group>";
		};
		B11735531AFE6FCC000BD7C0 /* Supporting Files */ = {
			isa = PBXGroup;
			children = (
				B117357E1AFE94BE000BD7C0 /* Images */,
				B117357D1AFE94B4000BD7C0 /* Sound */,
				B11735541AFE6FCC000BD7C0 /* Info.plist */,
			);
			name = "Supporting Files";
			sourceTree = "<group>";
		};
		B117356B1AFE6FCC000BD7C0 /* StarWarsCharacterProTests */ = {
			isa = PBXGroup;
			children = (
				B117356E1AFE6FCC000BD7C0 /* StarWarsCharacterProTests.swift */,
				B117356C1AFE6FCC000BD7C0 /* Supporting Files */,
			);
			path = StarWarsCharacterProTests;
			sourceTree = "<group>";
		};
		B117356C1AFE6FCC000BD7C0 /* Supporting Files */ = {
			isa = PBXGroup;
			children = (
				B117356D1AFE6FCC000BD7C0 /* Info.plist */,
			);
			name = "Supporting Files";
			sourceTree = "<group>";
		};
		B117357A1AFE7372000BD7C0 /* Model */ = {
			isa = PBXGroup;
			children = (
				B11735781AFE736B000BD7C0 /* StarWarsCharacter.swift */,
				B117357B1AFE90C3000BD7C0 /* StarWarsUniverse.swift */,
			);
			name = Model;
			sourceTree = "<group>";
		};
		B117357D1AFE94B4000BD7C0 /* Sound */ = {
			isa = PBXGroup;
			children = (
				B19D662E1B02A10A00B7AFED /* chewbacca.caf */,
				B19D66461B02A4D700B7AFED /* boba.mp3 */,
				B19D66251B029DC400B7AFED /* obiwan.mp3 */,
				B19D66421B02A3C300B7AFED /* trooper.mp3 */,
				B19D662C1B02A05F00B7AFED /* luke.mp3 */,
				B19D66291B029F2300B7AFED /* yoda.caf */,
				B19D66311B02A12100B7AFED /* r2-d2.caf */,
				B19D66341B02A13800B7AFED /* palpatine.caf */,
				B19D66351B02A13800B7AFED /* tarkin.caf */,
				B19F012A1B03A6F00027CD87 /* chewbacca.mp3 */,
				B19F01301B03A9270027CD87 /* vader.mp3 */,
				B19F01341B03AB9B0027CD87 /* tarkin.mp3 */,
				B19F01321B03A9670027CD87 /* palpatine.mp3 */,
				B19F012E1B03A8670027CD87 /* C3PO.mp3 */,
				B19F012C1B03A7940027CD87 /* R2D2.mp3 */,
				B19F01281B03A5DE0027CD87 /* yoda.mp3 */,
				B19D66361B02A13800B7AFED /* vader.caf */,
				B19D66371B02A13E00B7AFED /* c3po.caf */,
			);
			name = Sound;
			sourceTree = "<group>";
		};
		B117357E1AFE94BE000BD7C0 /* Images */ = {
			isa = PBXGroup;
			children = (
				B19D66271B029F1A00B7AFED /* yoda.jpg */,
				B19D662A1B029F8000B7AFED /* Luke.jpg */,
				B19D66231B0295BF00B7AFED /* ObiWan.jpg */,
				B19D662F1B02A11600B7AFED /* chewbacca.jpg */,
				B19D66321B02A12700B7AFED /* R2-D2.jpg */,
				B19D66381B02A15500B7AFED /* c3po.jpg */,
				B19D66391B02A15500B7AFED /* darthVader.jpg */,
				B19D66401B02A34800B7AFED /* Clone_trooper.png */,
				B19D66441B02A44F00B7AFED /* BobaFett.jpg */,
				B19D663A1B02A15500B7AFED /* palpatine.jpg */,
				B19D663B1B02A15500B7AFED /* tarkin.jpg */,
			);
			name = Images;
			sourceTree = "<group>";
		};
		B19F01271B0332EE0027CD87 /* Controllers */ = {
			isa = PBXGroup;
			children = (
				B19F01251B0332EA0027CD87 /* StarWarsTableViewController.swift */,
				B19F01361B03AC6A0027CD87 /* CharacterViewController.swift */,
				B19F01371B03AC6A0027CD87 /* CharacterViewController.xib */,
				B19F013A1B03DB760027CD87 /* WikiViewController.swift */,
				B19F013B1B03DB770027CD87 /* WikiViewController.xib */,
			);
			name = Controllers;
			sourceTree = "<group>";
		};
/* End PBXGroup section */

/* Begin PBXNativeTarget section */
		B117354F1AFE6FCC000BD7C0 /* StarWarsCharacterPro */ = {
			isa = PBXNativeTarget;
			buildConfigurationList = B11735721AFE6FCC000BD7C0 /* Build configuration list for PBXNativeTarget "StarWarsCharacterPro" */;
			buildPhases = (
				B117354C1AFE6FCC000BD7C0 /* Sources */,
				B117354D1AFE6FCC000BD7C0 /* Frameworks */,
				B117354E1AFE6FCC000BD7C0 /* Resources */,
			);
			buildRules = (
			);
			dependencies = (
			);
			name = StarWarsCharacterPro;
			productName = StarWarsCharacterPro;
			productReference = B11735501AFE6FCC000BD7C0 /* StarWarsCharacterPro.app */;
			productType = "com.apple.product-type.application";
		};
		B11735671AFE6FCC000BD7C0 /* StarWarsCharacterProTests */ = {
			isa = PBXNativeTarget;
			buildConfigurationList = B11735751AFE6FCC000BD7C0 /* Build configuration list for PBXNativeTarget "StarWarsCharacterProTests" */;
			buildPhases = (
				B11735641AFE6FCC000BD7C0 /* Sources */,
				B11735651AFE6FCC000BD7C0 /* Frameworks */,
				B11735661AFE6FCC000BD7C0 /* Resources */,
			);
			buildRules = (
			);
			dependencies = (
				B117356A1AFE6FCC000BD7C0 /* PBXTargetDependency */,
			);
			name = StarWarsCharacterProTests;
			productName = StarWarsCharacterProTests;
			productReference = B11735681AFE6FCC000BD7C0 /* StarWarsCharacterProTests.xctest */;
			productType = "com.apple.product-type.bundle.unit-test";
		};
/* End PBXNativeTarget section */

/* Begin PBXProject section */
		B11735481AFE6FCC000BD7C0 /* Project object */ = {
			isa = PBXProject;
			attributes = {
				CLASSPREFIX = MXW;
				LastUpgradeCheck = 0630;
				ORGANIZATIONNAME = maxeiware;
				TargetAttributes = {
					B117354F1AFE6FCC000BD7C0 = {
						CreatedOnToolsVersion = 6.3.1;
					};
					B11735671AFE6FCC000BD7C0 = {
						CreatedOnToolsVersion = 6.3.1;
						TestTargetID = B117354F1AFE6FCC000BD7C0;
					};
				};
			};
			buildConfigurationList = B117354B1AFE6FCC000BD7C0 /* Build configuration list for PBXProject "StarWarsCharacterPro" */;
			compatibilityVersion = "Xcode 3.2";
			developmentRegion = English;
			hasScannedForEncodings = 0;
			knownRegions = (
				en,
				Base,
			);
			mainGroup = B11735471AFE6FCC000BD7C0;
			productRefGroup = B11735511AFE6FCC000BD7C0 /* Products */;
			projectDirPath = "";
			projectRoot = "";
			targets = (
				B117354F1AFE6FCC000BD7C0 /* StarWarsCharacterPro */,
				B11735671AFE6FCC000BD7C0 /* StarWarsCharacterProTests */,
			);
		};
/* End PBXProject section */

/* Begin PBXResourcesBuildPhase section */
		B117354E1AFE6FCC000BD7C0 /* Resources */ = {
			isa = PBXResourcesBuildPhase;
			buildActionMask = 2147483647;
			files = (
				B19D66241B0295BF00B7AFED /* ObiWan.jpg in Resources */,
				B19F01291B03A5DF0027CD87 /* yoda.mp3 in Resources */,
				B19D662B1B029F8000B7AFED /* Luke.jpg in Resources */,
				B19D663E1B02A15500B7AFED /* palpatine.jpg in Resources */,
				B19D662D1B02A05F00B7AFED /* luke.mp3 in Resources */,
				B19D66281B029F1A00B7AFED /* yoda.jpg in Resources */,
				B19F013D1B03DB770027CD87 /* WikiViewController.xib in Resources */,
				B19F01351B03AB9B0027CD87 /* tarkin.mp3 in Resources */,
				B11735631AFE6FCC000BD7C0 /* LaunchScreen.xib in Resources */,
				B19D66301B02A11600B7AFED /* chewbacca.jpg in Resources */,
				B19D66431B02A3C300B7AFED /* trooper.mp3 in Resources */,
				B19D663F1B02A15500B7AFED /* tarkin.jpg in Resources */,
				B19D663D1B02A15500B7AFED /* darthVader.jpg in Resources */,
				B19D663C1B02A15500B7AFED /* c3po.jpg in Resources */,
				B19F01391B03AC6A0027CD87 /* CharacterViewController.xib in Resources */,
				B19F01331B03A9670027CD87 /* palpatine.mp3 in Resources */,
				B19D66471B02A4D700B7AFED /* boba.mp3 in Resources */,
				B19D66331B02A12700B7AFED /* R2-D2.jpg in Resources */,
				B19F012D1B03A7940027CD87 /* R2D2.mp3 in Resources */,
				B19F012B1B03A6F00027CD87 /* chewbacca.mp3 in Resources */,
				B19F012F1B03A8670027CD87 /* C3PO.mp3 in Resources */,
				B11735601AFE6FCC000BD7C0 /* Images.xcassets in Resources */,
				B19F01311B03A9270027CD87 /* vader.mp3 in Resources */,
				B19D66411B02A34800B7AFED /* Clone_trooper.png in Resources */,
				B19D66451B02A44F00B7AFED /* BobaFett.jpg in Resources */,
				B19D66261B029DC400B7AFED /* obiwan.mp3 in Resources */,
			);
			runOnlyForDeploymentPostprocessing = 0;
		};
		B11735661AFE6FCC000BD7C0 /* Resources */ = {
			isa = PBXResourcesBuildPhase;
			buildActionMask = 2147483647;
			files = (
			);
			runOnlyForDeploymentPostprocessing = 0;
		};
/* End PBXResourcesBuildPhase section */

/* Begin PBXSourcesBuildPhase section */
		B117354C1AFE6FCC000BD7C0 /* Sources */ = {
			isa = PBXSourcesBuildPhase;
			buildActionMask = 2147483647;
			files = (
				B19F01381B03AC6A0027CD87 /* CharacterViewController.swift in Sources */,
				B11735591AFE6FCC000BD7C0 /* StarWarsCharacterPro.xcdatamodeld in Sources */,
				B117357C1AFE90C3000BD7C0 /* StarWarsUniverse.swift in Sources */,
				B19F01261B0332EA0027CD87 /* StarWarsTableViewController.swift in Sources */,
				B11735791AFE736C000BD7C0 /* StarWarsCharacter.swift in Sources */,
				B11735561AFE6FCC000BD7C0 /* AppDelegate.swift in Sources */,
				B19F013C1B03DB770027CD87 /* WikiViewController.swift in Sources */,
			);
			runOnlyForDeploymentPostprocessing = 0;
		};
		B11735641AFE6FCC000BD7C0 /* Sources */ = {
			isa = PBXSourcesBuildPhase;
			buildActionMask = 2147483647;
			files = (
				B117356F1AFE6FCC000BD7C0 /* StarWarsCharacterProTests.swift in Sources */,
			);
			runOnlyForDeploymentPostprocessing = 0;
		};
/* End PBXSourcesBuildPhase section */

/* Begin PBXTargetDependency section */
		B117356A1AFE6FCC000BD7C0 /* PBXTargetDependency */ = {
			isa = PBXTargetDependency;
			target = B117354F1AFE6FCC000BD7C0 /* StarWarsCharacterPro */;
			targetProxy = B11735691AFE6FCC000BD7C0 /* PBXContainerItemProxy */;
		};
/* End PBXTargetDependency section */

/* Begin PBXVariantGroup section */
		B11735611AFE6FCC000BD7C0 /* LaunchScreen.xib */ = {
			isa = PBXVariantGroup;
			children = (
				B11735621AFE6FCC000BD7C0 /* Base */,
			);
			name = LaunchScreen.xib;
			sourceTree = "<group>";
		};
/* End PBXVariantGroup section */

/* Begin XCBuildConfiguration section */
		B11735701AFE6FCC000BD7C0 /* Debug */ = {
			isa = XCBuildConfiguration;
			buildSettings = {
				ALWAYS_SEARCH_USER_PATHS = NO;
				CLANG_CXX_LANGUAGE_STANDARD = "gnu++0x";
				CLANG_CXX_LIBRARY = "libc++";
				CLANG_ENABLE_MODULES = YES;
				CLANG_ENABLE_OBJC_ARC = YES;
				CLANG_WARN_BOOL_CONVERSION = YES;
				CLANG_WARN_CONSTANT_CONVERSION = YES;
				CLANG_WARN_DIRECT_OBJC_ISA_USAGE = YES_ERROR;
				CLANG_WARN_EMPTY_BODY = YES;
				CLANG_WARN_ENUM_CONVERSION = YES;
				CLANG_WARN_INT_CONVERSION = YES;
				CLANG_WARN_OBJC_ROOT_CLASS = YES_ERROR;
				CLANG_WARN_UNREACHABLE_CODE = YES;
				CLANG_WARN__DUPLICATE_METHOD_MATCH = YES;
				"CODE_SIGN_IDENTITY[sdk=iphoneos*]" = "iPhone Developer";
				COPY_PHASE_STRIP = NO;
				DEBUG_INFORMATION_FORMAT = "dwarf-with-dsym";
				ENABLE_STRICT_OBJC_MSGSEND = YES;
				GCC_C_LANGUAGE_STANDARD = gnu99;
				GCC_DYNAMIC_NO_PIC = NO;
				GCC_NO_COMMON_BLOCKS = YES;
				GCC_OPTIMIZATION_LEVEL = 0;
				GCC_PREPROCESSOR_DEFINITIONS = (
					"DEBUG=1",
					"$(inherited)",
				);
				GCC_SYMBOLS_PRIVATE_EXTERN = NO;
				GCC_WARN_64_TO_32_BIT_CONVERSION = YES;
				GCC_WARN_ABOUT_RETURN_TYPE = YES_ERROR;
				GCC_WARN_UNDECLARED_SELECTOR = YES;
				GCC_WARN_UNINITIALIZED_AUTOS = YES_AGGRESSIVE;
				GCC_WARN_UNUSED_FUNCTION = YES;
				GCC_WARN_UNUSED_VARIABLE = YES;
				IPHONEOS_DEPLOYMENT_TARGET = 8.3;
				MTL_ENABLE_DEBUG_INFO = YES;
				ONLY_ACTIVE_ARCH = YES;
				SDKROOT = iphoneos;
				SWIFT_OPTIMIZATION_LEVEL = "-Onone";
				TARGETED_DEVICE_FAMILY = 2;
			};
			name = Debug;
		};
		B11735711AFE6FCC000BD7C0 /* Release */ = {
			isa = XCBuildConfiguration;
			buildSettings = {
				ALWAYS_SEARCH_USER_PATHS = NO;
				CLANG_CXX_LANGUAGE_STANDARD = "gnu++0x";
				CLANG_CXX_LIBRARY = "libc++";
				CLANG_ENABLE_MODULES = YES;
				CLANG_ENABLE_OBJC_ARC = YES;
				CLANG_WARN_BOOL_CONVERSION = YES;
				CLANG_WARN_CONSTANT_CONVERSION = YES;
				CLANG_WARN_DIRECT_OBJC_ISA_USAGE = YES_ERROR;
				CLANG_WARN_EMPTY_BODY = YES;
				CLANG_WARN_ENUM_CONVERSION = YES;
				CLANG_WARN_INT_CONVERSION = YES;
				CLANG_WARN_OBJC_ROOT_CLASS = YES_ERROR;
				CLANG_WARN_UNREACHABLE_CODE = YES;
				CLANG_WARN__DUPLICATE_METHOD_MATCH = YES;
				"CODE_SIGN_IDENTITY[sdk=iphoneos*]" = "iPhone Developer";
				COPY_PHASE_STRIP = NO;
				DEBUG_INFORMATION_FORMAT = "dwarf-with-dsym";
				ENABLE_NS_ASSERTIONS = NO;
				ENABLE_STRICT_OBJC_MSGSEND = YES;
				GCC_C_LANGUAGE_STANDARD = gnu99;
				GCC_NO_COMMON_BLOCKS = YES;
				GCC_WARN_64_TO_32_BIT_CONVERSION = YES;
				GCC_WARN_ABOUT_RETURN_TYPE = YES_ERROR;
				GCC_WARN_UNDECLARED_SELECTOR = YES;
				GCC_WARN_UNINITIALIZED_AUTOS = YES_AGGRESSIVE;
				GCC_WARN_UNUSED_FUNCTION = YES;
				GCC_WARN_UNUSED_VARIABLE = YES;
				IPHONEOS_DEPLOYMENT_TARGET = 8.3;
				MTL_ENABLE_DEBUG_INFO = NO;
				SDKROOT = iphoneos;
				TARGETED_DEVICE_FAMILY = 2;
				VALIDATE_PRODUCT = YES;
			};
			name = Release;
		};
		B11735731AFE6FCC000BD7C0 /* Debug */ = {
			isa = XCBuildConfiguration;
			buildSettings = {
				ASSETCATALOG_COMPILER_APPICON_NAME = AppIcon;
				INFOPLIST_FILE = StarWarsCharacterPro/Info.plist;
				LD_RUNPATH_SEARCH_PATHS = "$(inherited) @executable_path/Frameworks";
				PRODUCT_NAME = "$(TARGET_NAME)";
				TARGETED_DEVICE_FAMILY = "1,2";
			};
			name = Debug;
		};
		B11735741AFE6FCC000BD7C0 /* Release */ = {
			isa = XCBuildConfiguration;
			buildSettings = {
				ASSETCATALOG_COMPILER_APPICON_NAME = AppIcon;
				INFOPLIST_FILE = StarWarsCharacterPro/Info.plist;
				LD_RUNPATH_SEARCH_PATHS = "$(inherited) @executable_path/Frameworks";
				PRODUCT_NAME = "$(TARGET_NAME)";
				TARGETED_DEVICE_FAMILY = "1,2";
			};
			name = Release;
		};
		B11735761AFE6FCC000BD7C0 /* Debug */ = {
			isa = XCBuildConfiguration;
			buildSettings = {
				BUNDLE_LOADER = "$(TEST_HOST)";
				FRAMEWORK_SEARCH_PATHS = (
					"$(SDKROOT)/Developer/Library/Frameworks",
					"$(inherited)",
				);
				GCC_PREPROCESSOR_DEFINITIONS = (
					"DEBUG=1",
					"$(inherited)",
				);
				INFOPLIST_FILE = StarWarsCharacterProTests/Info.plist;
				LD_RUNPATH_SEARCH_PATHS = "$(inherited) @executable_path/Frameworks @loader_path/Frameworks";
				PRODUCT_NAME = "$(TARGET_NAME)";
				TEST_HOST = "$(BUILT_PRODUCTS_DIR)/StarWarsCharacterPro.app/StarWarsCharacterPro";
			};
			name = Debug;
		};
		B11735771AFE6FCC000BD7C0 /* Release */ = {
			isa = XCBuildConfiguration;
			buildSettings = {
				BUNDLE_LOADER = "$(TEST_HOST)";
				FRAMEWORK_SEARCH_PATHS = (
					"$(SDKROOT)/Developer/Library/Frameworks",
					"$(inherited)",
				);
				INFOPLIST_FILE = StarWarsCharacterProTests/Info.plist;
				LD_RUNPATH_SEARCH_PATHS = "$(inherited) @executable_path/Frameworks @loader_path/Frameworks";
				PRODUCT_NAME = "$(TARGET_NAME)";
				TEST_HOST = "$(BUILT_PRODUCTS_DIR)/StarWarsCharacterPro.app/StarWarsCharacterPro";
			};
			name = Release;
		};
/* End XCBuildConfiguration section */

/* Begin XCConfigurationList section */
		B117354B1AFE6FCC000BD7C0 /* Build configuration list for PBXProject "StarWarsCharacterPro" */ = {
			isa = XCConfigurationList;
			buildConfigurations = (
				B11735701AFE6FCC000BD7C0 /* Debug */,
				B11735711AFE6FCC000BD7C0 /* Release */,
			);
			defaultConfigurationIsVisible = 0;
			defaultConfigurationName = Release;
		};
		B11735721AFE6FCC000BD7C0 /* Build configuration list for PBXNativeTarget "StarWarsCharacterPro" */ = {
			isa = XCConfigurationList;
			buildConfigurations = (
				B11735731AFE6FCC000BD7C0 /* Debug */,
				B11735741AFE6FCC000BD7C0 /* Release */,
			);
			defaultConfigurationIsVisible = 0;
			defaultConfigurationName = Release;
		};
		B11735751AFE6FCC000BD7C0 /* Build configuration list for PBXNativeTarget "StarWarsCharacterProTests" */ = {
			isa = XCConfigurationList;
			buildConfigurations = (
				B11735761AFE6FCC000BD7C0 /* Debug */,
				B11735771AFE6FCC000BD7C0 /* Release */,
			);
			defaultConfigurationIsVisible = 0;
			defaultConfigurationName = Release;
		};
/* End XCConfigurationList section */

/* Begin XCVersionGroup section */
		B11735571AFE6FCC000BD7C0 /* StarWarsCharacterPro.xcdatamodeld */ = {
			isa = XCVersionGroup;
			children = (
				B11735581AFE6FCC000BD7C0 /* StarWarsCharacterPro.xcdatamodel */,
			);
			currentVersion = B11735581AFE6FCC000BD7C0 /* StarWarsCharacterPro.xcdatamodel */;
			path = StarWarsCharacterPro.xcdatamodeld;
			sourceTree = "<group>";
			versionGroupType = wrapper.xcdatamodel;
		};
/* End XCVersionGroup section */
	};
	rootObject = B11735481AFE6FCC000BD7C0 /* Project object */;
}
